
Microsoft Visual Studio Solution File, Format Version 12.00
Project("{FAE04EC0-301F-11D3-BF4B-00C04F79EFBC}") = "ECSina.App", "ECSina.App\ECSina.App.csproj", "{2732EA0A-24B5-47C9-98F1-1212B4C73551}"
EndProject
Project("{2150E333-8FDC-42A3-9474-1A3956D46DE8}") = "Common", "Common", "{4F4B17DA-B7FC-4A93-A561-FB67DF9BF5DF}"
EndProject
Project("{FAE04EC0-301F-11D3-BF4B-00C04F79EFBC}") = "ECSina.Common.Core", "Common\ECSina.Common.Core\ECSina.Common.Core.csproj", "{B655D539-34CE-4C38-9192-67EF37E6EF9B}"
EndProject
Project("{FAE04EC0-301F-11D3-BF4B-00C04F79EFBC}") = "ECSina.Common.AspNetCore", "Common\ECSina.Common.AspNetCore\ECSina.Common.AspNetCore.csproj", "{C3D5E164-169E-4E5F-96BC-FF739D2E0271}"
EndProject
Project("{FAE04EC0-301F-11D3-BF4B-00C04F79EFBC}") = "ECSina.Common.Swashbuckle", "Common\ECSina.Common.Swashbuckle\ECSina.Common.Swashbuckle.csproj", "{B41D838A-08F9-4E39-A470-580E2A83850A}"
EndProject
Project("{FAE04EC0-301F-11D3-BF4B-00C04F79EFBC}") = "ECSina.Db", "ECSina.Db\ECSina.Db.csproj", "{83BC68F5-1527-4B2E-8AB7-2AD9D39BC9D7}"
EndProject
Project("{FAE04EC0-301F-11D3-BF4B-00C04F79EFBC}") = "ECSina.Core", "ECSina.Core\ECSina.Core.csproj", "{3AB5213B-79DA-4A38-8B75-10864C21C47E}"
EndProject
Project("{2150E333-8FDC-42A3-9474-1A3956D46DE8}") = "Blobs", "Blobs", "{DC881C39-17BA-4AC0-BC8E-DB32744A86C3}"
EndProject
Project("{FAE04EC0-301F-11D3-BF4B-00C04F79EFBC}") = "ECSina.Blobs.Abstractions", "Blobs\ECSina.Blobs.Abstractions\ECSina.Blobs.Abstractions.csproj", "{B98A7E95-1FA6-4705-A2C6-1FF7781830A6}"
EndProject
Project("{FAE04EC0-301F-11D3-BF4B-00C04F79EFBC}") = "ECSina.Blobs.Fs", "Blobs\ECSina.Blobs.Fs\ECSina.Blobs.Fs.csproj", "{29619EEF-A307-4CA7-B9E2-295249FA9C12}"
EndProject
Project("{FAE04EC0-301F-11D3-BF4B-00C04F79EFBC}") = "ECSina.Blobs.Fs.Tests", "Blobs\ECSina.Blobs.Fs.Tests\ECSina.Blobs.Fs.Tests.csproj", "{EF7B3010-98F7-4ABF-8166-29CF5622DAB9}"
EndProject
Global
	GlobalSection(SolutionConfigurationPlatforms) = preSolution
		Debug|Any CPU = Debug|Any CPU
		Release|Any CPU = Release|Any CPU
	EndGlobalSection
	GlobalSection(ProjectConfigurationPlatforms) = postSolution
		{2732EA0A-24B5-47C9-98F1-1212B4C73551}.Debug|Any CPU.ActiveCfg = Debug|Any CPU
		{2732EA0A-24B5-47C9-98F1-1212B4C73551}.Debug|Any CPU.Build.0 = Debug|Any CPU
		{2732EA0A-24B5-47C9-98F1-1212B4C73551}.Release|Any CPU.ActiveCfg = Release|Any CPU
		{2732EA0A-24B5-47C9-98F1-1212B4C73551}.Release|Any CPU.Build.0 = Release|Any CPU
		{B655D539-34CE-4C38-9192-67EF37E6EF9B}.Debug|Any CPU.ActiveCfg = Debug|Any CPU
		{B655D539-34CE-4C38-9192-67EF37E6EF9B}.Debug|Any CPU.Build.0 = Debug|Any CPU
		{B655D539-34CE-4C38-9192-67EF37E6EF9B}.Release|Any CPU.ActiveCfg = Release|Any CPU
		{B655D539-34CE-4C38-9192-67EF37E6EF9B}.Release|Any CPU.Build.0 = Release|Any CPU
		{C3D5E164-169E-4E5F-96BC-FF739D2E0271}.Debug|Any CPU.ActiveCfg = Debug|Any CPU
		{C3D5E164-169E-4E5F-96BC-FF739D2E0271}.Debug|Any CPU.Build.0 = Debug|Any CPU
		{C3D5E164-169E-4E5F-96BC-FF739D2E0271}.Release|Any CPU.ActiveCfg = Release|Any CPU
		{C3D5E164-169E-4E5F-96BC-FF739D2E0271}.Release|Any CPU.Build.0 = Release|Any CPU
		{B41D838A-08F9-4E39-A470-580E2A83850A}.Debug|Any CPU.ActiveCfg = Debug|Any CPU
		{B41D838A-08F9-4E39-A470-580E2A83850A}.Debug|Any CPU.Build.0 = Debug|Any CPU
		{B41D838A-08F9-4E39-A470-580E2A83850A}.Release|Any CPU.ActiveCfg = Release|Any CPU
		{B41D838A-08F9-4E39-A470-580E2A83850A}.Release|Any CPU.Build.0 = Release|Any CPU
		{83BC68F5-1527-4B2E-8AB7-2AD9D39BC9D7}.Debug|Any CPU.ActiveCfg = Debug|Any CPU
		{83BC68F5-1527-4B2E-8AB7-2AD9D39BC9D7}.Debug|Any CPU.Build.0 = Debug|Any CPU
		{83BC68F5-1527-4B2E-8AB7-2AD9D39BC9D7}.Release|Any CPU.ActiveCfg = Release|Any CPU
		{83BC68F5-1527-4B2E-8AB7-2AD9D39BC9D7}.Release|Any CPU.Build.0 = Release|Any CPU
		{3AB5213B-79DA-4A38-8B75-10864C21C47E}.Debug|Any CPU.ActiveCfg = Debug|Any CPU
		{3AB5213B-79DA-4A38-8B75-10864C21C47E}.Debug|Any CPU.Build.0 = Debug|Any CPU
		{3AB5213B-79DA-4A38-8B75-10864C21C47E}.Release|Any CPU.ActiveCfg = Release|Any CPU
		{3AB5213B-79DA-4A38-8B75-10864C21C47E}.Release|Any CPU.Build.0 = Release|Any CPU
		{B98A7E95-1FA6-4705-A2C6-1FF7781830A6}.Debug|Any CPU.ActiveCfg = Debug|Any CPU
		{B98A7E95-1FA6-4705-A2C6-1FF7781830A6}.Debug|Any CPU.Build.0 = Debug|Any CPU
		{B98A7E95-1FA6-4705-A2C6-1FF7781830A6}.Release|Any CPU.ActiveCfg = Release|Any CPU
		{B98A7E95-1FA6-4705-A2C6-1FF7781830A6}.Release|Any CPU.Build.0 = Release|Any CPU
		{29619EEF-A307-4CA7-B9E2-295249FA9C12}.Debug|Any CPU.ActiveCfg = Debug|Any CPU
		{29619EEF-A307-4CA7-B9E2-295249FA9C12}.Debug|Any CPU.Build.0 = Debug|Any CPU
		{29619EEF-A307-4CA7-B9E2-295249FA9C12}.Release|Any CPU.ActiveCfg = Release|Any CPU
		{29619EEF-A307-4CA7-B9E2-295249FA9C12}.Release|Any CPU.Build.0 = Release|Any CPU
		{EF7B3010-98F7-4ABF-8166-29CF5622DAB9}.Debug|Any CPU.ActiveCfg = Debug|Any CPU
		{EF7B3010-98F7-4ABF-8166-29CF5622DAB9}.Debug|Any CPU.Build.0 = Debug|Any CPU
		{EF7B3010-98F7-4ABF-8166-29CF5622DAB9}.Release|Any CPU.ActiveCfg = Release|Any CPU
		{EF7B3010-98F7-4ABF-8166-29CF5622DAB9}.Release|Any CPU.Build.0 = Release|Any CPU
	EndGlobalSection
	GlobalSection(NestedProjects) = preSolution
		{B655D539-34CE-4C38-9192-67EF37E6EF9B} = {4F4B17DA-B7FC-4A93-A561-FB67DF9BF5DF}
		{C3D5E164-169E-4E5F-96BC-FF739D2E0271} = {4F4B17DA-B7FC-4A93-A561-FB67DF9BF5DF}
		{B41D838A-08F9-4E39-A470-580E2A83850A} = {4F4B17DA-B7FC-4A93-A561-FB67DF9BF5DF}
		{B98A7E95-1FA6-4705-A2C6-1FF7781830A6} = {DC881C39-17BA-4AC0-BC8E-DB32744A86C3}
		{29619EEF-A307-4CA7-B9E2-295249FA9C12} = {DC881C39-17BA-4AC0-BC8E-DB32744A86C3}
		{EF7B3010-98F7-4ABF-8166-29CF5622DAB9} = {DC881C39-17BA-4AC0-BC8E-DB32744A86C3}
	EndGlobalSection
EndGlobal
